// !$*UTF8*$!
{
	archiveVersion = 1;
	classes = {
	};
	objectVersion = 56;
	objects = {

/* Begin PBXBuildFile section */
		9B92258E2AE2F7CA000B575E /* AppDelegate.swift in Sources */ = {isa = PBXBuildFile; fileRef = 9B92258D2AE2F7CA000B575E /* AppDelegate.swift */; };
		9B9225902AE2F7CA000B575E /* SceneDelegate.swift in Sources */ = {isa = PBXBuildFile; fileRef = 9B92258F2AE2F7CA000B575E /* SceneDelegate.swift */; };
		9B9225922AE2F7CA000B575E /* ViewController.swift in Sources */ = {isa = PBXBuildFile; fileRef = 9B9225912AE2F7CA000B575E /* ViewController.swift */; };
		9B9225952AE2F7CA000B575E /* Main.storyboard in Resources */ = {isa = PBXBuildFile; fileRef = 9B9225932AE2F7CA000B575E /* Main.storyboard */; };
		9B9225972AE2F7CB000B575E /* Assets.xcassets in Resources */ = {isa = PBXBuildFile; fileRef = 9B9225962AE2F7CB000B575E /* Assets.xcassets */; };
		9B92259A2AE2F7CB000B575E /* LaunchScreen.storyboard in Resources */ = {isa = PBXBuildFile; fileRef = 9B9225982AE2F7CB000B575E /* LaunchScreen.storyboard */; };
		9B9225A52AE301B1000B575E /* SimpleTableViewCell.swift in Sources */ = {isa = PBXBuildFile; fileRef = 9B9225A42AE301B1000B575E /* SimpleTableViewCell.swift */; };
		9B9225A72AE3E8C4000B575E /* DetailViewController.swift in Sources */ = {isa = PBXBuildFile; fileRef = 9B9225A62AE3E8C4000B575E /* DetailViewController.swift */; };
		9B9225AB2AE5A238000B575E /* ComercialViewController.swift in Sources */ = {isa = PBXBuildFile; fileRef = 9B9225AA2AE5A238000B575E /* ComercialViewController.swift */; };
		9BFB52152AE5A48E00BDA2AC /* DataMaanger.swift in Sources */ = {isa = PBXBuildFile; fileRef = 9BFB52142AE5A48E00BDA2AC /* DataMaanger.swift */; };
		9BFB52172AE5A49400BDA2AC /* Models.swift in Sources */ = {isa = PBXBuildFile; fileRef = 9BFB52162AE5A49400BDA2AC /* Models.swift */; };
		9BFB52192AE5A49F00BDA2AC /* PersonsJSON.json in Resources */ = {isa = PBXBuildFile; fileRef = 9BFB52182AE5A49F00BDA2AC /* PersonsJSON.json */; };
		9BFB521B2AE5A4A300BDA2AC /* UIImageView+Extension.swift in Sources */ = {isa = PBXBuildFile; fileRef = 9BFB521A2AE5A4A300BDA2AC /* UIImageView+Extension.swift */; };
		9BFB521F2AE5A67B00BDA2AC /* ComercialTableViewCell.swift in Sources */ = {isa = PBXBuildFile; fileRef = 9BFB521D2AE5A67B00BDA2AC /* ComercialTableViewCell.swift */; };
		9BFB52202AE5A67B00BDA2AC /* ComercialTableViewCell.xib in Resources */ = {isa = PBXBuildFile; fileRef = 9BFB521E2AE5A67B00BDA2AC /* ComercialTableViewCell.xib */; };
/* End PBXBuildFile section */

/* Begin PBXFileReference section */
		9B92258A2AE2F7CA000B575E /* Live-7.app */ = {isa = PBXFileReference; explicitFileType = wrapper.application; includeInIndex = 0; path = "Live-7.app"; sourceTree = BUILT_PRODUCTS_DIR; };
		9B92258D2AE2F7CA000B575E /* AppDelegate.swift */ = {isa = PBXFileReference; lastKnownFileType = sourcecode.swift; path = AppDelegate.swift; sourceTree = "<group>"; };
		9B92258F2AE2F7CA000B575E /* SceneDelegate.swift */ = {isa = PBXFileReference; lastKnownFileType = sourcecode.swift; path = SceneDelegate.swift; sourceTree = "<group>"; };
		9B9225912AE2F7CA000B575E /* ViewController.swift */ = {isa = PBXFileReference; lastKnownFileType = sourcecode.swift; path = ViewController.swift; sourceTree = "<group>"; };
		9B9225942AE2F7CA000B575E /* Base */ = {isa = PBXFileReference; lastKnownFileType = file.storyboard; name = Base; path = Base.lproj/Main.storyboard; sourceTree = "<group>"; };
		9B9225962AE2F7CB000B575E /* Assets.xcassets */ = {isa = PBXFileReference; lastKnownFileType = folder.assetcatalog; path = Assets.xcassets; sourceTree = "<group>"; };
		9B9225992AE2F7CB000B575E /* Base */ = {isa = PBXFileReference; lastKnownFileType = file.storyboard; name = Base; path = Base.lproj/LaunchScreen.storyboard; sourceTree = "<group>"; };
		9B92259B2AE2F7CB000B575E /* Info.plist */ = {isa = PBXFileReference; lastKnownFileType = text.plist.xml; path = Info.plist; sourceTree = "<group>"; };
		9B9225A42AE301B1000B575E /* SimpleTableViewCell.swift */ = {isa = PBXFileReference; lastKnownFileType = sourcecode.swift; path = SimpleTableViewCell.swift; sourceTree = "<group>"; };
		9B9225A62AE3E8C4000B575E /* DetailViewController.swift */ = {isa = PBXFileReference; lastKnownFileType = sourcecode.swift; path = DetailViewController.swift; sourceTree = "<group>"; };
		9B9225AA2AE5A238000B575E /* ComercialViewController.swift */ = {isa = PBXFileReference; lastKnownFileType = sourcecode.swift; path = ComercialViewController.swift; sourceTree = "<group>"; };
		9BFB52142AE5A48E00BDA2AC /* DataMaanger.swift */ = {isa = PBXFileReference; fileEncoding = 4; lastKnownFileType = sourcecode.swift; name = DataMaanger.swift; path = "../../../../../../Downloads/AC UITableView lesson/AC UITableView lesson/Data/DataMaanger.swift"; sourceTree = "<group>"; };
		9BFB52162AE5A49400BDA2AC /* Models.swift */ = {isa = PBXFileReference; fileEncoding = 4; lastKnownFileType = sourcecode.swift; name = Models.swift; path = "../../../../../../Downloads/AC UITableView lesson/AC UITableView lesson/Data/Models.swift"; sourceTree = "<group>"; };
		9BFB52182AE5A49F00BDA2AC /* PersonsJSON.json */ = {isa = PBXFileReference; fileEncoding = 4; lastKnownFileType = text.json; name = PersonsJSON.json; path = "../../../../../../Downloads/AC UITableView lesson/AC UITableView lesson/Data/PersonsJSON.json"; sourceTree = "<group>"; };
		9BFB521A2AE5A4A300BDA2AC /* UIImageView+Extension.swift */ = {isa = PBXFileReference; fileEncoding = 4; lastKnownFileType = sourcecode.swift; name = "UIImageView+Extension.swift"; path = "../../../../../../Downloads/AC UITableView lesson/AC UITableView lesson/Data/UIImageView+Extension.swift"; sourceTree = "<group>"; };
		9BFB521D2AE5A67B00BDA2AC /* ComercialTableViewCell.swift */ = {isa = PBXFileReference; lastKnownFileType = sourcecode.swift; path = ComercialTableViewCell.swift; sourceTree = "<group>"; };
		9BFB521E2AE5A67B00BDA2AC /* ComercialTableViewCell.xib */ = {isa = PBXFileReference; lastKnownFileType = file.xib; path = ComercialTableViewCell.xib; sourceTree = "<group>"; };
/* End PBXFileReference section */

/* Begin PBXFrameworksBuildPhase section */
		9B9225872AE2F7CA000B575E /* Frameworks */ = {
			isa = PBXFrameworksBuildPhase;
			buildActionMask = 2147483647;
			files = (
			);
			runOnlyForDeploymentPostprocessing = 0;
		};
/* End PBXFrameworksBuildPhase section */

/* Begin PBXGroup section */
		9B9225812AE2F7CA000B575E = {
			isa = PBXGroup;
			children = (
				9B92258C2AE2F7CA000B575E /* Live-7 */,
				9B92258B2AE2F7CA000B575E /* Products */,
			);
			sourceTree = "<group>";
		};
		9B92258B2AE2F7CA000B575E /* Products */ = {
			isa = PBXGroup;
			children = (
				9B92258A2AE2F7CA000B575E /* Live-7.app */,
			);
			name = Products;
			sourceTree = "<group>";
		};
		9B92258C2AE2F7CA000B575E /* Live-7 */ = {
			isa = PBXGroup;
			children = (
				9B9225A92AE5A217000B575E /* ComercialTableView */,
				9B9225A32AE3015A000B575E /* SimpleCell */,
				9B9225A22AE2F7E1000B575E /* DefaultFiles */,
				9B9225A12AE2F7DA000B575E /* Data */,
				9B9225932AE2F7CA000B575E /* Main.storyboard */,
				9B92259B2AE2F7CB000B575E /* Info.plist */,
			);
			path = "Live-7";
			sourceTree = "<group>";
		};
		9B9225A12AE2F7DA000B575E /* Data */ = {
			isa = PBXGroup;
			children = (
				9BFB52142AE5A48E00BDA2AC /* DataMaanger.swift */,
				9BFB52162AE5A49400BDA2AC /* Models.swift */,
				9BFB52182AE5A49F00BDA2AC /* PersonsJSON.json */,
				9BFB521A2AE5A4A300BDA2AC /* UIImageView+Extension.swift */,
			);
			path = Data;
			sourceTree = "<group>";
		};
		9B9225A22AE2F7E1000B575E /* DefaultFiles */ = {
			isa = PBXGroup;
			children = (
				9B92258D2AE2F7CA000B575E /* AppDelegate.swift */,
				9B92258F2AE2F7CA000B575E /* SceneDelegate.swift */,
				9B9225982AE2F7CB000B575E /* LaunchScreen.storyboard */,
				9B9225962AE2F7CB000B575E /* Assets.xcassets */,
			);
			path = DefaultFiles;
			sourceTree = "<group>";
		};
		9B9225A32AE3015A000B575E /* SimpleCell */ = {
			isa = PBXGroup;
			children = (
				9B9225912AE2F7CA000B575E /* ViewController.swift */,
				9B9225A42AE301B1000B575E /* SimpleTableViewCell.swift */,
				9B9225A62AE3E8C4000B575E /* DetailViewController.swift */,
			);
			path = SimpleCell;
			sourceTree = "<group>";
		};
		9B9225A92AE5A217000B575E /* ComercialTableView */ = {
			isa = PBXGroup;
			children = (
				9BFB521C2AE5A62B00BDA2AC /* Comercial cell */,
				9B9225AA2AE5A238000B575E /* ComercialViewController.swift */,
			);
			path = ComercialTableView;
			sourceTree = "<group>";
		};
		9BFB521C2AE5A62B00BDA2AC /* Comercial cell */ = {
			isa = PBXGroup;
			children = (
				9BFB521D2AE5A67B00BDA2AC /* ComercialTableViewCell.swift */,
				9BFB521E2AE5A67B00BDA2AC /* ComercialTableViewCell.xib */,
			);
			path = "Comercial cell";
			sourceTree = "<group>";
		};
/* End PBXGroup section */

/* Begin PBXNativeTarget section */
		9B9225892AE2F7CA000B575E /* Live-7 */ = {
			isa = PBXNativeTarget;
			buildConfigurationList = 9B92259E2AE2F7CB000B575E /* Build configuration list for PBXNativeTarget "Live-7" */;
			buildPhases = (
				9B9225862AE2F7CA000B575E /* Sources */,
				9B9225872AE2F7CA000B575E /* Frameworks */,
				9B9225882AE2F7CA000B575E /* Resources */,
			);
			buildRules = (
			);
			dependencies = (
			);
			name = "Live-7";
			productName = "Live-7";
			productReference = 9B92258A2AE2F7CA000B575E /* Live-7.app */;
			productType = "com.apple.product-type.application";
		};
/* End PBXNativeTarget section */

/* Begin PBXProject section */
		9B9225822AE2F7CA000B575E /* Project object */ = {
			isa = PBXProject;
			attributes = {
				BuildIndependentTargetsInParallel = 1;
				LastSwiftUpdateCheck = 1500;
				LastUpgradeCheck = 1500;
				TargetAttributes = {
					9B9225892AE2F7CA000B575E = {
						CreatedOnToolsVersion = 15.0;
					};
				};
			};
			buildConfigurationList = 9B9225852AE2F7CA000B575E /* Build configuration list for PBXProject "Live-7" */;
			compatibilityVersion = "Xcode 14.0";
			developmentRegion = en;
			hasScannedForEncodings = 0;
			knownRegions = (
				en,
				Base,
			);
			mainGroup = 9B9225812AE2F7CA000B575E;
			productRefGroup = 9B92258B2AE2F7CA000B575E /* Products */;
			projectDirPath = "";
			projectRoot = "";
			targets = (
				9B9225892AE2F7CA000B575E /* Live-7 */,
			);
		};
/* End PBXProject section */

/* Begin PBXResourcesBuildPhase section */
		9B9225882AE2F7CA000B575E /* Resources */ = {
			isa = PBXResourcesBuildPhase;
			buildActionMask = 2147483647;
			files = (
				9BFB52202AE5A67B00BDA2AC /* ComercialTableViewCell.xib in Resources */,
				9B92259A2AE2F7CB000B575E /* LaunchScreen.storyboard in Resources */,
				9BFB52192AE5A49F00BDA2AC /* PersonsJSON.json in Resources */,
				9B9225972AE2F7CB000B575E /* Assets.xcassets in Resources */,
				9B9225952AE2F7CA000B575E /* Main.storyboard in Resources */,
			);
			runOnlyForDeploymentPostprocessing = 0;
		};
/* End PBXResourcesBuildPhase section */

/* Begin PBXSourcesBuildPhase section */
		9B9225862AE2F7CA000B575E /* Sources */ = {
			isa = PBXSourcesBuildPhase;
			buildActionMask = 2147483647;
			files = (
				9B9225AB2AE5A238000B575E /* ComercialViewController.swift in Sources */,
				9BFB52152AE5A48E00BDA2AC /* DataMaanger.swift in Sources */,
				9B9225922AE2F7CA000B575E /* ViewController.swift in Sources */,
				9BFB521B2AE5A4A300BDA2AC /* UIImageView+Extension.swift in Sources */,
				9B9225A52AE301B1000B575E /* SimpleTableViewCell.swift in Sources */,
				9B9225A72AE3E8C4000B575E /* DetailViewController.swift in Sources */,
				9B92258E2AE2F7CA000B575E /* AppDelegate.swift in Sources */,
				9BFB52172AE5A49400BDA2AC /* Models.swift in Sources */,
				9B9225902AE2F7CA000B575E /* SceneDelegate.swift in Sources */,
				9BFB521F2AE5A67B00BDA2AC /* ComercialTableViewCell.swift in Sources */,
			);
			runOnlyForDeploymentPostprocessing = 0;
		};
/* End PBXSourcesBuildPhase section */

/* Begin PBXVariantGroup section */
		9B9225932AE2F7CA000B575E /* Main.storyboard */ = {
			isa = PBXVariantGroup;
			children = (
				9B9225942AE2F7CA000B575E /* Base */,
			);
			name = Main.storyboard;
			sourceTree = "<group>";
		};
		9B9225982AE2F7CB000B575E /* LaunchScreen.storyboard */ = {
			isa = PBXVariantGroup;
			children = (
				9B9225992AE2F7CB000B575E /* Base */,
			);
			name = LaunchScreen.storyboard;
			sourceTree = "<group>";
		};
/* End PBXVariantGroup section */

/* Begin XCBuildConfiguration section */
		9B92259C2AE2F7CB000B575E /* Debug */ = {
			isa = XCBuildConfiguration;
			buildSettings = {
				ALWAYS_SEARCH_USER_PATHS = NO;
				ASSETCATALOG_COMPILER_GENERATE_SWIFT_ASSET_SYMBOL_EXTENSIONS = YES;
				CLANG_ANALYZER_NONNULL = YES;
				CLANG_ANALYZER_NUMBER_OBJECT_CONVERSION = YES_AGGRESSIVE;
				CLANG_CXX_LANGUAGE_STANDARD = "gnu++20";
				CLANG_ENABLE_MODULES = YES;
				CLANG_ENABLE_OBJC_ARC = YES;
				CLANG_ENABLE_OBJC_WEAK = YES;
				CLANG_WARN_BLOCK_CAPTURE_AUTORELEASING = YES;
				CLANG_WARN_BOOL_CONVERSION = YES;
				CLANG_WARN_COMMA = YES;
				CLANG_WARN_CONSTANT_CONVERSION = YES;
				CLANG_WARN_DEPRECATED_OBJC_IMPLEMENTATIONS = YES;
				CLANG_WARN_DIRECT_OBJC_ISA_USAGE = YES_ERROR;
				CLANG_WARN_DOCUMENTATION_COMMENTS = YES;
				CLANG_WARN_EMPTY_BODY = YES;
				CLANG_WARN_ENUM_CONVERSION = YES;
				CLANG_WARN_INFINITE_RECURSION = YES;
				CLANG_WARN_INT_CONVERSION = YES;
				CLANG_WARN_NON_LITERAL_NULL_CONVERSION = YES;
				CLANG_WARN_OBJC_IMPLICIT_RETAIN_SELF = YES;
				CLANG_WARN_OBJC_LITERAL_CONVERSION = YES;
				CLANG_WARN_OBJC_ROOT_CLASS = YES_ERROR;
				CLANG_WARN_QUOTED_INCLUDE_IN_FRAMEWORK_HEADER = YES;
				CLANG_WARN_RANGE_LOOP_ANALYSIS = YES;
				CLANG_WARN_STRICT_PROTOTYPES = YES;
				CLANG_WARN_SUSPICIOUS_MOVE = YES;
				CLANG_WARN_UNGUARDED_AVAILABILITY = YES_AGGRESSIVE;
				CLANG_WARN_UNREACHABLE_CODE = YES;
				CLANG_WARN__DUPLICATE_METHOD_MATCH = YES;
				COPY_PHASE_STRIP = NO;
				DEBUG_INFORMATION_FORMAT = dwarf;
				ENABLE_STRICT_OBJC_MSGSEND = YES;
				ENABLE_TESTABILITY = YES;
				ENABLE_USER_SCRIPT_SANDBOXING = YES;
				GCC_C_LANGUAGE_STANDARD = gnu17;
				GCC_DYNAMIC_NO_PIC = NO;
				GCC_NO_COMMON_BLOCKS = YES;
				GCC_OPTIMIZATION_LEVEL = 0;
				GCC_PREPROCESSOR_DEFINITIONS = (
					"DEBUG=1",
					"$(inherited)",
				);
				GCC_WARN_64_TO_32_BIT_CONVERSION = YES;
				GCC_WARN_ABOUT_RETURN_TYPE = YES_ERROR;
				GCC_WARN_UNDECLARED_SELECTOR = YES;
				GCC_WARN_UNINITIALIZED_AUTOS = YES_AGGRESSIVE;
				GCC_WARN_UNUSED_FUNCTION = YES;
				GCC_WARN_UNUSED_VARIABLE = YES;
				IPHONEOS_DEPLOYMENT_TARGET = 17.0;
				LOCALIZATION_PREFERS_STRING_CATALOGS = YES;
				MTL_ENABLE_DEBUG_INFO = INCLUDE_SOURCE;
				MTL_FAST_MATH = YES;
				ONLY_ACTIVE_ARCH = YES;
				SDKROOT = iphoneos;
				SWIFT_ACTIVE_COMPILATION_CONDITIONS = "DEBUG $(inherited)";
				SWIFT_OPTIMIZATION_LEVEL = "-Onone";
			};
			name = Debug;
		};
		9B92259D2AE2F7CB000B575E /* Release */ = {
			isa = XCBuildConfiguration;
			buildSettings = {
				ALWAYS_SEARCH_USER_PATHS = NO;
				ASSETCATALOG_COMPILER_GENERATE_SWIFT_ASSET_SYMBOL_EXTENSIONS = YES;
				CLANG_ANALYZER_NONNULL = YES;
				CLANG_ANALYZER_NUMBER_OBJECT_CONVERSION = YES_AGGRESSIVE;
				CLANG_CXX_LANGUAGE_STANDARD = "gnu++20";
				CLANG_ENABLE_MODULES = YES;
				CLANG_ENABLE_OBJC_ARC = YES;
				CLANG_ENABLE_OBJC_WEAK = YES;
				CLANG_WARN_BLOCK_CAPTURE_AUTORELEASING = YES;
				CLANG_WARN_BOOL_CONVERSION = YES;
				CLANG_WARN_COMMA = YES;
				CLANG_WARN_CONSTANT_CONVERSION = YES;
				CLANG_WARN_DEPRECATED_OBJC_IMPLEMENTATIONS = YES;
				CLANG_WARN_DIRECT_OBJC_ISA_USAGE = YES_ERROR;
				CLANG_WARN_DOCUMENTATION_COMMENTS = YES;
				CLANG_WARN_EMPTY_BODY = YES;
				CLANG_WARN_ENUM_CONVERSION = YES;
				CLANG_WARN_INFINITE_RECURSION = YES;
				CLANG_WARN_INT_CONVERSION = YES;
				CLANG_WARN_NON_LITERAL_NULL_CONVERSION = YES;
				CLANG_WARN_OBJC_IMPLICIT_RETAIN_SELF = YES;
				CLANG_WARN_OBJC_LITERAL_CONVERSION = YES;
				CLANG_WARN_OBJC_ROOT_CLASS = YES_ERROR;
				CLANG_WARN_QUOTED_INCLUDE_IN_FRAMEWORK_HEADER = YES;
				CLANG_WARN_RANGE_LOOP_ANALYSIS = YES;
				CLANG_WARN_STRICT_PROTOTYPES = YES;
				CLANG_WARN_SUSPICIOUS_MOVE = YES;
				CLANG_WARN_UNGUARDED_AVAILABILITY = YES_AGGRESSIVE;
				CLANG_WARN_UNREACHABLE_CODE = YES;
				CLANG_WARN__DUPLICATE_METHOD_MATCH = YES;
				COPY_PHASE_STRIP = NO;
				DEBUG_INFORMATION_FORMAT = "dwarf-with-dsym";
				ENABLE_NS_ASSERTIONS = NO;
				ENABLE_STRICT_OBJC_MSGSEND = YES;
				ENABLE_USER_SCRIPT_SANDBOXING = YES;
				GCC_C_LANGUAGE_STANDARD = gnu17;
				GCC_NO_COMMON_BLOCKS = YES;
				GCC_WARN_64_TO_32_BIT_CONVERSION = YES;
				GCC_WARN_ABOUT_RETURN_TYPE = YES_ERROR;
				GCC_WARN_UNDECLARED_SELECTOR = YES;
				GCC_WARN_UNINITIALIZED_AUTOS = YES_AGGRESSIVE;
				GCC_WARN_UNUSED_FUNCTION = YES;
				GCC_WARN_UNUSED_VARIABLE = YES;
				IPHONEOS_DEPLOYMENT_TARGET = 17.0;
				LOCALIZATION_PREFERS_STRING_CATALOGS = YES;
				MTL_ENABLE_DEBUG_INFO = NO;
				MTL_FAST_MATH = YES;
				SDKROOT = iphoneos;
				SWIFT_COMPILATION_MODE = wholemodule;
				VALIDATE_PRODUCT = YES;
			};
			name = Release;
		};
		9B92259F2AE2F7CB000B575E /* Debug */ = {
			isa = XCBuildConfiguration;
			buildSettings = {
				ASSETCATALOG_COMPILER_APPICON_NAME = AppIcon;
				ASSETCATALOG_COMPILER_GLOBAL_ACCENT_COLOR_NAME = AccentColor;
				CODE_SIGN_STYLE = Automatic;
				CURRENT_PROJECT_VERSION = 1;
				DEVELOPMENT_TEAM = 255G24QWZ2;
				GENERATE_INFOPLIST_FILE = YES;
				INFOPLIST_FILE = "Live-7/Info.plist";
				INFOPLIST_KEY_UIApplicationSupportsIndirectInputEvents = YES;
				INFOPLIST_KEY_UILaunchStoryboardName = LaunchScreen;
				INFOPLIST_KEY_UIMainStoryboardFile = Main;
				INFOPLIST_KEY_UISupportedInterfaceOrientations_iPad = "UIInterfaceOrientationPortrait UIInterfaceOrientationPortraitUpsideDown UIInterfaceOrientationLandscapeLeft UIInterfaceOrientationLandscapeRight";
				INFOPLIST_KEY_UISupportedInterfaceOrientations_iPhone = "UIInterfaceOrientationPortrait UIInterfaceOrientationLandscapeLeft UIInterfaceOrientationLandscapeRight";
				LD_RUNPATH_SEARCH_PATHS = (
					"$(inherited)",
					"@executable_path/Frameworks",
				);
				MARKETING_VERSION = 1.0;
				PRODUCT_BUNDLE_IDENTIFIER = "ruslanlyulka.Live-7";
				PRODUCT_NAME = "$(TARGET_NAME)";
				SWIFT_EMIT_LOC_STRINGS = YES;
				SWIFT_VERSION = 5.0;
				TARGETED_DEVICE_FAMILY = "1,2";
			};
			name = Debug;
		};
		9B9225A02AE2F7CB000B575E /* Release */ = {
			isa = XCBuildConfiguration;
			buildSettings = {
				ASSETCATALOG_COMPILER_APPICON_NAME = AppIcon;
				ASSETCATALOG_COMPILER_GLOBAL_ACCENT_COLOR_NAME = AccentColor;
				CODE_SIGN_STYLE = Automatic;
				CURRENT_PROJECT_VERSION = 1;
				DEVELOPMENT_TEAM = 255G24QWZ2;
				GENERATE_INFOPLIST_FILE = YES;
				INFOPLIST_FILE = "Live-7/Info.plist";
				INFOPLIST_KEY_UIApplicationSupportsIndirectInputEvents = YES;
				INFOPLIST_KEY_UILaunchStoryboardName = LaunchScreen;
				INFOPLIST_KEY_UIMainStoryboardFile = Main;
				INFOPLIST_KEY_UISupportedInterfaceOrientations_iPad = "UIInterfaceOrientationPortrait UIInterfaceOrientationPortraitUpsideDown UIInterfaceOrientationLandscapeLeft UIInterfaceOrientationLandscapeRight";
				INFOPLIST_KEY_UISupportedInterfaceOrientations_iPhone = "UIInterfaceOrientationPortrait UIInterfaceOrientationLandscapeLeft UIInterfaceOrientationLandscapeRight";
				LD_RUNPATH_SEARCH_PATHS = (
					"$(inherited)",
					"@executable_path/Frameworks",
				);
				MARKETING_VERSION = 1.0;
				PRODUCT_BUNDLE_IDENTIFIER = "ruslanlyulka.Live-7";
				PRODUCT_NAME = "$(TARGET_NAME)";
				SWIFT_EMIT_LOC_STRINGS = YES;
				SWIFT_VERSION = 5.0;
				TARGETED_DEVICE_FAMILY = "1,2";
			};
			name = Release;
		};
/* End XCBuildConfiguration section */

/* Begin XCConfigurationList section */
		9B9225852AE2F7CA000B575E /* Build configuration list for PBXProject "Live-7" */ = {
			isa = XCConfigurationList;
			buildConfigurations = (
				9B92259C2AE2F7CB000B575E /* Debug */,
				9B92259D2AE2F7CB000B575E /* Release */,
			);
			defaultConfigurationIsVisible = 0;
			defaultConfigurationName = Release;
		};
		9B92259E2AE2F7CB000B575E /* Build configuration list for PBXNativeTarget "Live-7" */ = {
			isa = XCConfigurationList;
			buildConfigurations = (
				9B92259F2AE2F7CB000B575E /* Debug */,
				9B9225A02AE2F7CB000B575E /* Release */,
			);
			defaultConfigurationIsVisible = 0;
			defaultConfigurationName = Release;
		};
/* End XCConfigurationList section */
	};
	rootObject = 9B9225822AE2F7CA000B575E /* Project object */;
}
