// !$*UTF8*$!
{
	archiveVersion = 1;
	classes = {
	};
	objectVersion = 56;
	objects = {

/* Begin PBXBuildFile section */
		9B046AC72B1D199800622F33 /* SecondViewController.swift in Sources */ = {isa = PBXBuildFile; fileRef = 9B046AC62B1D199800622F33 /* SecondViewController.swift */; };
		9B8C16E32B23B9AE00AFF646 /* Fake.swift in Sources */ = {isa = PBXBuildFile; fileRef = 9B8C16E22B23B9AE00AFF646 /* Fake.swift */; };
		9B8C16EA2B23C68700AFF646 /* FakeTableViewCell.swift in Sources */ = {isa = PBXBuildFile; fileRef = 9B8C16E82B23C68700AFF646 /* FakeTableViewCell.swift */; };
		9B8C16EB2B23C68700AFF646 /* FakeTableViewCell.xib in Resources */ = {isa = PBXBuildFile; fileRef = 9B8C16E92B23C68700AFF646 /* FakeTableViewCell.xib */; };
		9BD61B812B1E6DDD0032D1D3 /* MovieTapViewController.swift in Sources */ = {isa = PBXBuildFile; fileRef = 9BD61B802B1E6DDD0032D1D3 /* MovieTapViewController.swift */; };
		9BD61B862B1E70780032D1D3 /* MovieTableViewCell.swift in Sources */ = {isa = PBXBuildFile; fileRef = 9BD61B842B1E70780032D1D3 /* MovieTableViewCell.swift */; };
		9BD61B872B1E70780032D1D3 /* MovieTableViewCell.xib in Resources */ = {isa = PBXBuildFile; fileRef = 9BD61B852B1E70780032D1D3 /* MovieTableViewCell.xib */; };
		9BD61B8A2B1E75BA0032D1D3 /* DonloadImage.swift in Sources */ = {isa = PBXBuildFile; fileRef = 9BD61B892B1E75BA0032D1D3 /* DonloadImage.swift */; };
		9BE7B5B32B233866003663DC /* FakeDataViewController.swift in Sources */ = {isa = PBXBuildFile; fileRef = 9BE7B5B22B233866003663DC /* FakeDataViewController.swift */; };
		9BEC36892B1A6E9100C11B66 /* AppDelegate.swift in Sources */ = {isa = PBXBuildFile; fileRef = 9BEC36882B1A6E9100C11B66 /* AppDelegate.swift */; };
		9BEC368B2B1A6E9100C11B66 /* SceneDelegate.swift in Sources */ = {isa = PBXBuildFile; fileRef = 9BEC368A2B1A6E9100C11B66 /* SceneDelegate.swift */; };
		9BEC368D2B1A6E9100C11B66 /* ViewController.swift in Sources */ = {isa = PBXBuildFile; fileRef = 9BEC368C2B1A6E9100C11B66 /* ViewController.swift */; };
		9BEC36902B1A6E9100C11B66 /* Main.storyboard in Resources */ = {isa = PBXBuildFile; fileRef = 9BEC368E2B1A6E9100C11B66 /* Main.storyboard */; };
		9BEC36922B1A6E9200C11B66 /* Assets.xcassets in Resources */ = {isa = PBXBuildFile; fileRef = 9BEC36912B1A6E9200C11B66 /* Assets.xcassets */; };
		9BEC36952B1A6E9200C11B66 /* LaunchScreen.storyboard in Resources */ = {isa = PBXBuildFile; fileRef = 9BEC36932B1A6E9200C11B66 /* LaunchScreen.storyboard */; };
		9BEC369D2B1A72B900C11B66 /* Podfile in Resources */ = {isa = PBXBuildFile; fileRef = 9BEC369C2B1A72B900C11B66 /* Podfile */; };
		9BEC369E2B1A734100C11B66 /* Pods_Homework_8v2.framework in Frameworks */ = {isa = PBXBuildFile; fileRef = 6967BF212904E7583B0D5021 /* Pods_Homework_8v2.framework */; };
		9BEC36A32B1A79CD00C11B66 /* Genre.swift in Sources */ = {isa = PBXBuildFile; fileRef = 9BEC36A22B1A79CC00C11B66 /* Genre.swift */; };
		9BEC36A52B1A79D700C11B66 /* Trend.swift in Sources */ = {isa = PBXBuildFile; fileRef = 9BEC36A42B1A79D700C11B66 /* Trend.swift */; };
/* End PBXBuildFile section */

/* Begin PBXFileReference section */
		6967BF212904E7583B0D5021 /* Pods_Homework_8v2.framework */ = {isa = PBXFileReference; explicitFileType = wrapper.framework; includeInIndex = 0; path = Pods_Homework_8v2.framework; sourceTree = BUILT_PRODUCTS_DIR; };
		6DAEC6D8F15845FCD4896DA9 /* Pods-Homework-8v2.debug.xcconfig */ = {isa = PBXFileReference; includeInIndex = 1; lastKnownFileType = text.xcconfig; name = "Pods-Homework-8v2.debug.xcconfig"; path = "Target Support Files/Pods-Homework-8v2/Pods-Homework-8v2.debug.xcconfig"; sourceTree = "<group>"; };
		9B046AC62B1D199800622F33 /* SecondViewController.swift */ = {isa = PBXFileReference; lastKnownFileType = sourcecode.swift; path = SecondViewController.swift; sourceTree = "<group>"; };
		9B8C16E22B23B9AE00AFF646 /* Fake.swift */ = {isa = PBXFileReference; lastKnownFileType = sourcecode.swift; path = Fake.swift; sourceTree = "<group>"; };
		9B8C16E82B23C68700AFF646 /* FakeTableViewCell.swift */ = {isa = PBXFileReference; lastKnownFileType = sourcecode.swift; path = FakeTableViewCell.swift; sourceTree = "<group>"; };
		9B8C16E92B23C68700AFF646 /* FakeTableViewCell.xib */ = {isa = PBXFileReference; lastKnownFileType = file.xib; path = FakeTableViewCell.xib; sourceTree = "<group>"; };
		9BD61B802B1E6DDD0032D1D3 /* MovieTapViewController.swift */ = {isa = PBXFileReference; lastKnownFileType = sourcecode.swift; path = MovieTapViewController.swift; sourceTree = "<group>"; };
		9BD61B842B1E70780032D1D3 /* MovieTableViewCell.swift */ = {isa = PBXFileReference; lastKnownFileType = sourcecode.swift; path = MovieTableViewCell.swift; sourceTree = "<group>"; };
		9BD61B852B1E70780032D1D3 /* MovieTableViewCell.xib */ = {isa = PBXFileReference; lastKnownFileType = file.xib; path = MovieTableViewCell.xib; sourceTree = "<group>"; };
		9BD61B892B1E75BA0032D1D3 /* DonloadImage.swift */ = {isa = PBXFileReference; lastKnownFileType = sourcecode.swift; path = DonloadImage.swift; sourceTree = "<group>"; };
		9BE7B5B22B233866003663DC /* FakeDataViewController.swift */ = {isa = PBXFileReference; lastKnownFileType = sourcecode.swift; path = FakeDataViewController.swift; sourceTree = "<group>"; };
		9BEC36852B1A6E9100C11B66 /* Homework-8v2.app */ = {isa = PBXFileReference; explicitFileType = wrapper.application; includeInIndex = 0; path = "Homework-8v2.app"; sourceTree = BUILT_PRODUCTS_DIR; };
		9BEC36882B1A6E9100C11B66 /* AppDelegate.swift */ = {isa = PBXFileReference; lastKnownFileType = sourcecode.swift; path = AppDelegate.swift; sourceTree = "<group>"; };
		9BEC368A2B1A6E9100C11B66 /* SceneDelegate.swift */ = {isa = PBXFileReference; lastKnownFileType = sourcecode.swift; path = SceneDelegate.swift; sourceTree = "<group>"; };
		9BEC368C2B1A6E9100C11B66 /* ViewController.swift */ = {isa = PBXFileReference; lastKnownFileType = sourcecode.swift; path = ViewController.swift; sourceTree = "<group>"; };
		9BEC368F2B1A6E9100C11B66 /* Base */ = {isa = PBXFileReference; lastKnownFileType = file.storyboard; name = Base; path = Base.lproj/Main.storyboard; sourceTree = "<group>"; };
		9BEC36912B1A6E9200C11B66 /* Assets.xcassets */ = {isa = PBXFileReference; lastKnownFileType = folder.assetcatalog; path = Assets.xcassets; sourceTree = "<group>"; };
		9BEC36942B1A6E9200C11B66 /* Base */ = {isa = PBXFileReference; lastKnownFileType = file.storyboard; name = Base; path = Base.lproj/LaunchScreen.storyboard; sourceTree = "<group>"; };
		9BEC36962B1A6E9200C11B66 /* Info.plist */ = {isa = PBXFileReference; lastKnownFileType = text.plist.xml; path = Info.plist; sourceTree = "<group>"; };
		9BEC369C2B1A72B900C11B66 /* Podfile */ = {isa = PBXFileReference; fileEncoding = 4; lastKnownFileType = text; path = Podfile; sourceTree = SOURCE_ROOT; xcLanguageSpecificationIdentifier = xcode.lang.ruby; };
		9BEC36A22B1A79CC00C11B66 /* Genre.swift */ = {isa = PBXFileReference; lastKnownFileType = sourcecode.swift; path = Genre.swift; sourceTree = "<group>"; };
		9BEC36A42B1A79D700C11B66 /* Trend.swift */ = {isa = PBXFileReference; lastKnownFileType = sourcecode.swift; path = Trend.swift; sourceTree = "<group>"; };
		B543ED53869D19836712B9FD /* Pods-Homework-8v2.release.xcconfig */ = {isa = PBXFileReference; includeInIndex = 1; lastKnownFileType = text.xcconfig; name = "Pods-Homework-8v2.release.xcconfig"; path = "Target Support Files/Pods-Homework-8v2/Pods-Homework-8v2.release.xcconfig"; sourceTree = "<group>"; };
/* End PBXFileReference section */

/* Begin PBXFrameworksBuildPhase section */
		9BEC36822B1A6E9100C11B66 /* Frameworks */ = {
			isa = PBXFrameworksBuildPhase;
			buildActionMask = 2147483647;
			files = (
				9BEC369E2B1A734100C11B66 /* Pods_Homework_8v2.framework in Frameworks */,
			);
			runOnlyForDeploymentPostprocessing = 0;
		};
/* End PBXFrameworksBuildPhase section */

/* Begin PBXGroup section */
		9B8C16E52B23C5DA00AFF646 /* FakeDataCell */ = {
			isa = PBXGroup;
			children = (
				9B8C16E82B23C68700AFF646 /* FakeTableViewCell.swift */,
				9B8C16E92B23C68700AFF646 /* FakeTableViewCell.xib */,
			);
			path = FakeDataCell;
			sourceTree = "<group>";
		};
		9BD61B822B1E6E220032D1D3 /* ViewController */ = {
			isa = PBXGroup;
			children = (
				9BEC368C2B1A6E9100C11B66 /* ViewController.swift */,
				9B046AC62B1D199800622F33 /* SecondViewController.swift */,
				9BD61B802B1E6DDD0032D1D3 /* MovieTapViewController.swift */,
				9BE7B5B22B233866003663DC /* FakeDataViewController.swift */,
			);
			path = ViewController;
			sourceTree = "<group>";
		};
		9BD61B832B1E705C0032D1D3 /* MovieCell */ = {
			isa = PBXGroup;
			children = (
				9BD61B842B1E70780032D1D3 /* MovieTableViewCell.swift */,
				9BD61B852B1E70780032D1D3 /* MovieTableViewCell.xib */,
			);
			path = MovieCell;
			sourceTree = "<group>";
		};
		9BD61B882B1E75AA0032D1D3 /* Data */ = {
			isa = PBXGroup;
			children = (
				9BD61B892B1E75BA0032D1D3 /* DonloadImage.swift */,
			);
			path = Data;
			sourceTree = "<group>";
		};
		9BEC367C2B1A6E9100C11B66 = {
			isa = PBXGroup;
			children = (
				9BEC36872B1A6E9100C11B66 /* Homework-8v2 */,
				9BEC36862B1A6E9100C11B66 /* Products */,
				9DAE19668DCB462CD40FB094 /* Pods */,
				A527092393431218AAF68172 /* Frameworks */,
			);
			sourceTree = "<group>";
		};
		9BEC36862B1A6E9100C11B66 /* Products */ = {
			isa = PBXGroup;
			children = (
				9BEC36852B1A6E9100C11B66 /* Homework-8v2.app */,
			);
			name = Products;
			sourceTree = "<group>";
		};
		9BEC36872B1A6E9100C11B66 /* Homework-8v2 */ = {
			isa = PBXGroup;
			children = (
				9B8C16E52B23C5DA00AFF646 /* FakeDataCell */,
				9BD61B882B1E75AA0032D1D3 /* Data */,
				9BD61B832B1E705C0032D1D3 /* MovieCell */,
				9BD61B822B1E6E220032D1D3 /* ViewController */,
				9BEC36A12B1A79BC00C11B66 /* Models */,
				9BEC369C2B1A72B900C11B66 /* Podfile */,
				9BEC36882B1A6E9100C11B66 /* AppDelegate.swift */,
				9BEC368A2B1A6E9100C11B66 /* SceneDelegate.swift */,
				9BEC368E2B1A6E9100C11B66 /* Main.storyboard */,
				9BEC36912B1A6E9200C11B66 /* Assets.xcassets */,
				9BEC36932B1A6E9200C11B66 /* LaunchScreen.storyboard */,
				9BEC36962B1A6E9200C11B66 /* Info.plist */,
			);
			path = "Homework-8v2";
			sourceTree = "<group>";
		};
		9BEC36A12B1A79BC00C11B66 /* Models */ = {
			isa = PBXGroup;
			children = (
				9BEC36A22B1A79CC00C11B66 /* Genre.swift */,
				9BEC36A42B1A79D700C11B66 /* Trend.swift */,
				9B8C16E22B23B9AE00AFF646 /* Fake.swift */,
			);
			path = Models;
			sourceTree = "<group>";
		};
		9DAE19668DCB462CD40FB094 /* Pods */ = {
			isa = PBXGroup;
			children = (
				6DAEC6D8F15845FCD4896DA9 /* Pods-Homework-8v2.debug.xcconfig */,
				B543ED53869D19836712B9FD /* Pods-Homework-8v2.release.xcconfig */,
			);
			path = Pods;
			sourceTree = "<group>";
		};
		A527092393431218AAF68172 /* Frameworks */ = {
			isa = PBXGroup;
			children = (
				6967BF212904E7583B0D5021 /* Pods_Homework_8v2.framework */,
			);
			name = Frameworks;
			sourceTree = "<group>";
		};
/* End PBXGroup section */

/* Begin PBXNativeTarget section */
		9BEC36842B1A6E9100C11B66 /* Homework-8v2 */ = {
			isa = PBXNativeTarget;
			buildConfigurationList = 9BEC36992B1A6E9200C11B66 /* Build configuration list for PBXNativeTarget "Homework-8v2" */;
			buildPhases = (
				62E35F757316903ADDFD80DC /* [CP] Check Pods Manifest.lock */,
				9BEC36812B1A6E9100C11B66 /* Sources */,
				9BEC36822B1A6E9100C11B66 /* Frameworks */,
				9BEC36832B1A6E9100C11B66 /* Resources */,
				F872D3DDDBB2FD2D30CD0233 /* [CP] Embed Pods Frameworks */,
			);
			buildRules = (
			);
			dependencies = (
			);
			name = "Homework-8v2";
			productName = "Homework-8v2";
			productReference = 9BEC36852B1A6E9100C11B66 /* Homework-8v2.app */;
			productType = "com.apple.product-type.application";
		};
/* End PBXNativeTarget section */

/* Begin PBXProject section */
		9BEC367D2B1A6E9100C11B66 /* Project object */ = {
			isa = PBXProject;
			attributes = {
				BuildIndependentTargetsInParallel = 1;
				LastSwiftUpdateCheck = 1500;
				LastUpgradeCheck = 1500;
				TargetAttributes = {
					9BEC36842B1A6E9100C11B66 = {
						CreatedOnToolsVersion = 15.0;
					};
				};
			};
			buildConfigurationList = 9BEC36802B1A6E9100C11B66 /* Build configuration list for PBXProject "Homework-8v2" */;
			compatibilityVersion = "Xcode 14.0";
			developmentRegion = en;
			hasScannedForEncodings = 0;
			knownRegions = (
				en,
				Base,
			);
			mainGroup = 9BEC367C2B1A6E9100C11B66;
			productRefGroup = 9BEC36862B1A6E9100C11B66 /* Products */;
			projectDirPath = "";
			projectRoot = "";
			targets = (
				9BEC36842B1A6E9100C11B66 /* Homework-8v2 */,
			);
		};
/* End PBXProject section */

/* Begin PBXResourcesBuildPhase section */
		9BEC36832B1A6E9100C11B66 /* Resources */ = {
			isa = PBXResourcesBuildPhase;
			buildActionMask = 2147483647;
			files = (
				9BEC36952B1A6E9200C11B66 /* LaunchScreen.storyboard in Resources */,
				9BD61B872B1E70780032D1D3 /* MovieTableViewCell.xib in Resources */,
				9B8C16EB2B23C68700AFF646 /* FakeTableViewCell.xib in Resources */,
				9BEC36922B1A6E9200C11B66 /* Assets.xcassets in Resources */,
				9BEC369D2B1A72B900C11B66 /* Podfile in Resources */,
				9BEC36902B1A6E9100C11B66 /* Main.storyboard in Resources */,
			);
			runOnlyForDeploymentPostprocessing = 0;
		};
/* End PBXResourcesBuildPhase section */

/* Begin PBXShellScriptBuildPhase section */
		62E35F757316903ADDFD80DC /* [CP] Check Pods Manifest.lock */ = {
			isa = PBXShellScriptBuildPhase;
			buildActionMask = 2147483647;
			files = (
			);
			inputFileListPaths = (
			);
			inputPaths = (
				"${PODS_PODFILE_DIR_PATH}/Podfile.lock",
				"${PODS_ROOT}/Manifest.lock",
			);
			name = "[CP] Check Pods Manifest.lock";
			outputFileListPaths = (
			);
			outputPaths = (
				"$(DERIVED_FILE_DIR)/Pods-Homework-8v2-checkManifestLockResult.txt",
			);
			runOnlyForDeploymentPostprocessing = 0;
			shellPath = /bin/sh;
			shellScript = "diff \"${PODS_PODFILE_DIR_PATH}/Podfile.lock\" \"${PODS_ROOT}/Manifest.lock\" > /dev/null\nif [ $? != 0 ] ; then\n    # print error to STDERR\n    echo \"error: The sandbox is not in sync with the Podfile.lock. Run 'pod install' or update your CocoaPods installation.\" >&2\n    exit 1\nfi\n# This output is used by Xcode 'outputs' to avoid re-running this script phase.\necho \"SUCCESS\" > \"${SCRIPT_OUTPUT_FILE_0}\"\n";
			showEnvVarsInLog = 0;
		};
		F872D3DDDBB2FD2D30CD0233 /* [CP] Embed Pods Frameworks */ = {
			isa = PBXShellScriptBuildPhase;
			buildActionMask = 2147483647;
			files = (
			);
			inputFileListPaths = (
				"${PODS_ROOT}/Target Support Files/Pods-Homework-8v2/Pods-Homework-8v2-frameworks-${CONFIGURATION}-input-files.xcfilelist",
			);
			name = "[CP] Embed Pods Frameworks";
			outputFileListPaths = (
				"${PODS_ROOT}/Target Support Files/Pods-Homework-8v2/Pods-Homework-8v2-frameworks-${CONFIGURATION}-output-files.xcfilelist",
			);
			runOnlyForDeploymentPostprocessing = 0;
			shellPath = /bin/sh;
			shellScript = "\"${PODS_ROOT}/Target Support Files/Pods-Homework-8v2/Pods-Homework-8v2-frameworks.sh\"\n";
			showEnvVarsInLog = 0;
		};
/* End PBXShellScriptBuildPhase section */

/* Begin PBXSourcesBuildPhase section */
		9BEC36812B1A6E9100C11B66 /* Sources */ = {
			isa = PBXSourcesBuildPhase;
			buildActionMask = 2147483647;
			files = (
				9B046AC72B1D199800622F33 /* SecondViewController.swift in Sources */,
				9BE7B5B32B233866003663DC /* FakeDataViewController.swift in Sources */,
				9BD61B8A2B1E75BA0032D1D3 /* DonloadImage.swift in Sources */,
				9BD61B812B1E6DDD0032D1D3 /* MovieTapViewController.swift in Sources */,
				9B8C16EA2B23C68700AFF646 /* FakeTableViewCell.swift in Sources */,
				9B8C16E32B23B9AE00AFF646 /* Fake.swift in Sources */,
				9BEC368D2B1A6E9100C11B66 /* ViewController.swift in Sources */,
				9BEC36892B1A6E9100C11B66 /* AppDelegate.swift in Sources */,
				9BEC36A52B1A79D700C11B66 /* Trend.swift in Sources */,
				9BEC368B2B1A6E9100C11B66 /* SceneDelegate.swift in Sources */,
				9BD61B862B1E70780032D1D3 /* MovieTableViewCell.swift in Sources */,
				9BEC36A32B1A79CD00C11B66 /* Genre.swift in Sources */,
			);
			runOnlyForDeploymentPostprocessing = 0;
		};
/* End PBXSourcesBuildPhase section */

/* Begin PBXVariantGroup section */
		9BEC368E2B1A6E9100C11B66 /* Main.storyboard */ = {
			isa = PBXVariantGroup;
			children = (
				9BEC368F2B1A6E9100C11B66 /* Base */,
			);
			name = Main.storyboard;
			sourceTree = "<group>";
		};
		9BEC36932B1A6E9200C11B66 /* LaunchScreen.storyboard */ = {
			isa = PBXVariantGroup;
			children = (
				9BEC36942B1A6E9200C11B66 /* Base */,
			);
			name = LaunchScreen.storyboard;
			sourceTree = "<group>";
		};
/* End PBXVariantGroup section */

/* Begin XCBuildConfiguration section */
		9BEC36972B1A6E9200C11B66 /* Debug */ = {
			isa = XCBuildConfiguration;
			buildSettings = {
				ALWAYS_SEARCH_USER_PATHS = NO;
				ASSETCATALOG_COMPILER_GENERATE_SWIFT_ASSET_SYMBOL_EXTENSIONS = YES;
				CLANG_ANALYZER_NONNULL = YES;
				CLANG_ANALYZER_NUMBER_OBJECT_CONVERSION = YES_AGGRESSIVE;
				CLANG_CXX_LANGUAGE_STANDARD = "gnu++20";
				CLANG_ENABLE_MODULES = YES;
				CLANG_ENABLE_OBJC_ARC = YES;
				CLANG_ENABLE_OBJC_WEAK = YES;
				CLANG_WARN_BLOCK_CAPTURE_AUTORELEASING = YES;
				CLANG_WARN_BOOL_CONVERSION = YES;
				CLANG_WARN_COMMA = YES;
				CLANG_WARN_CONSTANT_CONVERSION = YES;
				CLANG_WARN_DEPRECATED_OBJC_IMPLEMENTATIONS = YES;
				CLANG_WARN_DIRECT_OBJC_ISA_USAGE = YES_ERROR;
				CLANG_WARN_DOCUMENTATION_COMMENTS = YES;
				CLANG_WARN_EMPTY_BODY = YES;
				CLANG_WARN_ENUM_CONVERSION = YES;
				CLANG_WARN_INFINITE_RECURSION = YES;
				CLANG_WARN_INT_CONVERSION = YES;
				CLANG_WARN_NON_LITERAL_NULL_CONVERSION = YES;
				CLANG_WARN_OBJC_IMPLICIT_RETAIN_SELF = YES;
				CLANG_WARN_OBJC_LITERAL_CONVERSION = YES;
				CLANG_WARN_OBJC_ROOT_CLASS = YES_ERROR;
				CLANG_WARN_QUOTED_INCLUDE_IN_FRAMEWORK_HEADER = YES;
				CLANG_WARN_RANGE_LOOP_ANALYSIS = YES;
				CLANG_WARN_STRICT_PROTOTYPES = YES;
				CLANG_WARN_SUSPICIOUS_MOVE = YES;
				CLANG_WARN_UNGUARDED_AVAILABILITY = YES_AGGRESSIVE;
				CLANG_WARN_UNREACHABLE_CODE = YES;
				CLANG_WARN__DUPLICATE_METHOD_MATCH = YES;
				COPY_PHASE_STRIP = NO;
				DEBUG_INFORMATION_FORMAT = dwarf;
				ENABLE_STRICT_OBJC_MSGSEND = YES;
				ENABLE_TESTABILITY = YES;
				ENABLE_USER_SCRIPT_SANDBOXING = NO;
				GCC_C_LANGUAGE_STANDARD = gnu17;
				GCC_DYNAMIC_NO_PIC = NO;
				GCC_NO_COMMON_BLOCKS = YES;
				GCC_OPTIMIZATION_LEVEL = 0;
				GCC_PREPROCESSOR_DEFINITIONS = (
					"DEBUG=1",
					"$(inherited)",
				);
				GCC_WARN_64_TO_32_BIT_CONVERSION = YES;
				GCC_WARN_ABOUT_RETURN_TYPE = YES_ERROR;
				GCC_WARN_UNDECLARED_SELECTOR = YES;
				GCC_WARN_UNINITIALIZED_AUTOS = YES_AGGRESSIVE;
				GCC_WARN_UNUSED_FUNCTION = YES;
				GCC_WARN_UNUSED_VARIABLE = YES;
				IPHONEOS_DEPLOYMENT_TARGET = 17.0;
				LOCALIZATION_PREFERS_STRING_CATALOGS = YES;
				MTL_ENABLE_DEBUG_INFO = INCLUDE_SOURCE;
				MTL_FAST_MATH = YES;
				ONLY_ACTIVE_ARCH = YES;
				SDKROOT = iphoneos;
				SWIFT_ACTIVE_COMPILATION_CONDITIONS = "DEBUG $(inherited)";
				SWIFT_OPTIMIZATION_LEVEL = "-Onone";
			};
			name = Debug;
		};
		9BEC36982B1A6E9200C11B66 /* Release */ = {
			isa = XCBuildConfiguration;
			buildSettings = {
				ALWAYS_SEARCH_USER_PATHS = NO;
				ASSETCATALOG_COMPILER_GENERATE_SWIFT_ASSET_SYMBOL_EXTENSIONS = YES;
				CLANG_ANALYZER_NONNULL = YES;
				CLANG_ANALYZER_NUMBER_OBJECT_CONVERSION = YES_AGGRESSIVE;
				CLANG_CXX_LANGUAGE_STANDARD = "gnu++20";
				CLANG_ENABLE_MODULES = YES;
				CLANG_ENABLE_OBJC_ARC = YES;
				CLANG_ENABLE_OBJC_WEAK = YES;
				CLANG_WARN_BLOCK_CAPTURE_AUTORELEASING = YES;
				CLANG_WARN_BOOL_CONVERSION = YES;
				CLANG_WARN_COMMA = YES;
				CLANG_WARN_CONSTANT_CONVERSION = YES;
				CLANG_WARN_DEPRECATED_OBJC_IMPLEMENTATIONS = YES;
				CLANG_WARN_DIRECT_OBJC_ISA_USAGE = YES_ERROR;
				CLANG_WARN_DOCUMENTATION_COMMENTS = YES;
				CLANG_WARN_EMPTY_BODY = YES;
				CLANG_WARN_ENUM_CONVERSION = YES;
				CLANG_WARN_INFINITE_RECURSION = YES;
				CLANG_WARN_INT_CONVERSION = YES;
				CLANG_WARN_NON_LITERAL_NULL_CONVERSION = YES;
				CLANG_WARN_OBJC_IMPLICIT_RETAIN_SELF = YES;
				CLANG_WARN_OBJC_LITERAL_CONVERSION = YES;
				CLANG_WARN_OBJC_ROOT_CLASS = YES_ERROR;
				CLANG_WARN_QUOTED_INCLUDE_IN_FRAMEWORK_HEADER = YES;
				CLANG_WARN_RANGE_LOOP_ANALYSIS = YES;
				CLANG_WARN_STRICT_PROTOTYPES = YES;
				CLANG_WARN_SUSPICIOUS_MOVE = YES;
				CLANG_WARN_UNGUARDED_AVAILABILITY = YES_AGGRESSIVE;
				CLANG_WARN_UNREACHABLE_CODE = YES;
				CLANG_WARN__DUPLICATE_METHOD_MATCH = YES;
				COPY_PHASE_STRIP = NO;
				DEBUG_INFORMATION_FORMAT = "dwarf-with-dsym";
				ENABLE_NS_ASSERTIONS = NO;
				ENABLE_STRICT_OBJC_MSGSEND = YES;
				ENABLE_USER_SCRIPT_SANDBOXING = NO;
				GCC_C_LANGUAGE_STANDARD = gnu17;
				GCC_NO_COMMON_BLOCKS = YES;
				GCC_WARN_64_TO_32_BIT_CONVERSION = YES;
				GCC_WARN_ABOUT_RETURN_TYPE = YES_ERROR;
				GCC_WARN_UNDECLARED_SELECTOR = YES;
				GCC_WARN_UNINITIALIZED_AUTOS = YES_AGGRESSIVE;
				GCC_WARN_UNUSED_FUNCTION = YES;
				GCC_WARN_UNUSED_VARIABLE = YES;
				IPHONEOS_DEPLOYMENT_TARGET = 17.0;
				LOCALIZATION_PREFERS_STRING_CATALOGS = YES;
				MTL_ENABLE_DEBUG_INFO = NO;
				MTL_FAST_MATH = YES;
				SDKROOT = iphoneos;
				SWIFT_COMPILATION_MODE = wholemodule;
				VALIDATE_PRODUCT = YES;
			};
			name = Release;
		};
		9BEC369A2B1A6E9200C11B66 /* Debug */ = {
			isa = XCBuildConfiguration;
			baseConfigurationReference = 6DAEC6D8F15845FCD4896DA9 /* Pods-Homework-8v2.debug.xcconfig */;
			buildSettings = {
				ASSETCATALOG_COMPILER_APPICON_NAME = AppIcon;
				ASSETCATALOG_COMPILER_GLOBAL_ACCENT_COLOR_NAME = AccentColor;
				CODE_SIGN_STYLE = Automatic;
				CURRENT_PROJECT_VERSION = 1;
				DEVELOPMENT_TEAM = 255G24QWZ2;
				GENERATE_INFOPLIST_FILE = YES;
				INFOPLIST_FILE = "Homework-8v2/Info.plist";
				INFOPLIST_KEY_UIApplicationSupportsIndirectInputEvents = YES;
				INFOPLIST_KEY_UILaunchStoryboardName = LaunchScreen;
				INFOPLIST_KEY_UIMainStoryboardFile = Main;
				INFOPLIST_KEY_UISupportedInterfaceOrientations_iPad = "UIInterfaceOrientationPortrait UIInterfaceOrientationPortraitUpsideDown UIInterfaceOrientationLandscapeLeft UIInterfaceOrientationLandscapeRight";
				INFOPLIST_KEY_UISupportedInterfaceOrientations_iPhone = "UIInterfaceOrientationPortrait UIInterfaceOrientationLandscapeLeft UIInterfaceOrientationLandscapeRight";
				LD_RUNPATH_SEARCH_PATHS = (
					"$(inherited)",
					"@executable_path/Frameworks",
				);
				MARKETING_VERSION = 1.0;
				PRODUCT_BUNDLE_IDENTIFIER = "ruslanlyulka.Homework-8v2";
				PRODUCT_NAME = "$(TARGET_NAME)";
				SWIFT_EMIT_LOC_STRINGS = YES;
				SWIFT_VERSION = 5.0;
				TARGETED_DEVICE_FAMILY = "1,2";
			};
			name = Debug;
		};
		9BEC369B2B1A6E9200C11B66 /* Release */ = {
			isa = XCBuildConfiguration;
			baseConfigurationReference = B543ED53869D19836712B9FD /* Pods-Homework-8v2.release.xcconfig */;
			buildSettings = {
				ASSETCATALOG_COMPILER_APPICON_NAME = AppIcon;
				ASSETCATALOG_COMPILER_GLOBAL_ACCENT_COLOR_NAME = AccentColor;
				CODE_SIGN_STYLE = Automatic;
				CURRENT_PROJECT_VERSION = 1;
				DEVELOPMENT_TEAM = 255G24QWZ2;
				GENERATE_INFOPLIST_FILE = YES;
				INFOPLIST_FILE = "Homework-8v2/Info.plist";
				INFOPLIST_KEY_UIApplicationSupportsIndirectInputEvents = YES;
				INFOPLIST_KEY_UILaunchStoryboardName = LaunchScreen;
				INFOPLIST_KEY_UIMainStoryboardFile = Main;
				INFOPLIST_KEY_UISupportedInterfaceOrientations_iPad = "UIInterfaceOrientationPortrait UIInterfaceOrientationPortraitUpsideDown UIInterfaceOrientationLandscapeLeft UIInterfaceOrientationLandscapeRight";
				INFOPLIST_KEY_UISupportedInterfaceOrientations_iPhone = "UIInterfaceOrientationPortrait UIInterfaceOrientationLandscapeLeft UIInterfaceOrientationLandscapeRight";
				LD_RUNPATH_SEARCH_PATHS = (
					"$(inherited)",
					"@executable_path/Frameworks",
				);
				MARKETING_VERSION = 1.0;
				PRODUCT_BUNDLE_IDENTIFIER = "ruslanlyulka.Homework-8v2";
				PRODUCT_NAME = "$(TARGET_NAME)";
				SWIFT_EMIT_LOC_STRINGS = YES;
				SWIFT_VERSION = 5.0;
				TARGETED_DEVICE_FAMILY = "1,2";
			};
			name = Release;
		};
/* End XCBuildConfiguration section */

/* Begin XCConfigurationList section */
		9BEC36802B1A6E9100C11B66 /* Build configuration list for PBXProject "Homework-8v2" */ = {
			isa = XCConfigurationList;
			buildConfigurations = (
				9BEC36972B1A6E9200C11B66 /* Debug */,
				9BEC36982B1A6E9200C11B66 /* Release */,
			);
			defaultConfigurationIsVisible = 0;
			defaultConfigurationName = Release;
		};
		9BEC36992B1A6E9200C11B66 /* Build configuration list for PBXNativeTarget "Homework-8v2" */ = {
			isa = XCConfigurationList;
			buildConfigurations = (
				9BEC369A2B1A6E9200C11B66 /* Debug */,
				9BEC369B2B1A6E9200C11B66 /* Release */,
			);
			defaultConfigurationIsVisible = 0;
			defaultConfigurationName = Release;
		};
/* End XCConfigurationList section */
	};
	rootObject = 9BEC367D2B1A6E9100C11B66 /* Project object */;
}
