// !$*UTF8*$!
{
	archiveVersion = 1;
	classes = {
	};
	objectVersion = 56;
	objects = {

/* Begin PBXBuildFile section */
		9B0CD34E2B6445880073E366 /* UserDefaultsViewController.swift in Sources */ = {isa = PBXBuildFile; fileRef = 9B0CD34D2B6445880073E366 /* UserDefaultsViewController.swift */; };
		9B2DE6632B63F57200E0AAC1 /* AppDelegate.swift in Sources */ = {isa = PBXBuildFile; fileRef = 9B2DE6622B63F57200E0AAC1 /* AppDelegate.swift */; };
		9B2DE6652B63F57200E0AAC1 /* SceneDelegate.swift in Sources */ = {isa = PBXBuildFile; fileRef = 9B2DE6642B63F57200E0AAC1 /* SceneDelegate.swift */; };
		9B2DE6672B63F57200E0AAC1 /* ViewController.swift in Sources */ = {isa = PBXBuildFile; fileRef = 9B2DE6662B63F57200E0AAC1 /* ViewController.swift */; };
		9B2DE66A2B63F57200E0AAC1 /* Main.storyboard in Resources */ = {isa = PBXBuildFile; fileRef = 9B2DE6682B63F57200E0AAC1 /* Main.storyboard */; };
		9B2DE66C2B63F57400E0AAC1 /* Assets.xcassets in Resources */ = {isa = PBXBuildFile; fileRef = 9B2DE66B2B63F57400E0AAC1 /* Assets.xcassets */; };
		9B2DE66F2B63F57400E0AAC1 /* LaunchScreen.storyboard in Resources */ = {isa = PBXBuildFile; fileRef = 9B2DE66D2B63F57400E0AAC1 /* LaunchScreen.storyboard */; };
		9B2DE6782B63F6FC00E0AAC1 /* FunctionalPrograming.swift in Sources */ = {isa = PBXBuildFile; fileRef = 9B2DE6772B63F6FC00E0AAC1 /* FunctionalPrograming.swift */; };
		9B2DE67A2B643AC900E0AAC1 /* TMDBModels.swift in Sources */ = {isa = PBXBuildFile; fileRef = 9B2DE6792B643AC900E0AAC1 /* TMDBModels.swift */; };
		9B2DE67D2B643B7F00E0AAC1 /* Alamofire in Frameworks */ = {isa = PBXBuildFile; productRef = 9B2DE67C2B643B7F00E0AAC1 /* Alamofire */; };
		9B2DE6802B643F5300E0AAC1 /* Realm in Frameworks */ = {isa = PBXBuildFile; productRef = 9B2DE67F2B643F5300E0AAC1 /* Realm */; };
		9B2DE6822B643F5300E0AAC1 /* RealmSwift in Frameworks */ = {isa = PBXBuildFile; productRef = 9B2DE6812B643F5300E0AAC1 /* RealmSwift */; };
		9B3BF9262B681F13001631ED /* MovieRealm.swift in Sources */ = {isa = PBXBuildFile; fileRef = 9B3BF9252B681F13001631ED /* MovieRealm.swift */; };
		9B3BF9292B682389001631ED /* FavoriteViewController.swift in Sources */ = {isa = PBXBuildFile; fileRef = 9B3BF9282B682389001631ED /* FavoriteViewController.swift */; };
/* End PBXBuildFile section */

/* Begin PBXFileReference section */
		9B0CD34D2B6445880073E366 /* UserDefaultsViewController.swift */ = {isa = PBXFileReference; lastKnownFileType = sourcecode.swift; path = UserDefaultsViewController.swift; sourceTree = "<group>"; };
		9B2DE65F2B63F57200E0AAC1 /* TMDB-data.app */ = {isa = PBXFileReference; explicitFileType = wrapper.application; includeInIndex = 0; path = "TMDB-data.app"; sourceTree = BUILT_PRODUCTS_DIR; };
		9B2DE6622B63F57200E0AAC1 /* AppDelegate.swift */ = {isa = PBXFileReference; lastKnownFileType = sourcecode.swift; path = AppDelegate.swift; sourceTree = "<group>"; };
		9B2DE6642B63F57200E0AAC1 /* SceneDelegate.swift */ = {isa = PBXFileReference; lastKnownFileType = sourcecode.swift; path = SceneDelegate.swift; sourceTree = "<group>"; };
		9B2DE6662B63F57200E0AAC1 /* ViewController.swift */ = {isa = PBXFileReference; lastKnownFileType = sourcecode.swift; path = ViewController.swift; sourceTree = "<group>"; };
		9B2DE6692B63F57200E0AAC1 /* Base */ = {isa = PBXFileReference; lastKnownFileType = file.storyboard; name = Base; path = Base.lproj/Main.storyboard; sourceTree = "<group>"; };
		9B2DE66B2B63F57400E0AAC1 /* Assets.xcassets */ = {isa = PBXFileReference; lastKnownFileType = folder.assetcatalog; path = Assets.xcassets; sourceTree = "<group>"; };
		9B2DE66E2B63F57400E0AAC1 /* Base */ = {isa = PBXFileReference; lastKnownFileType = file.storyboard; name = Base; path = Base.lproj/LaunchScreen.storyboard; sourceTree = "<group>"; };
		9B2DE6702B63F57400E0AAC1 /* Info.plist */ = {isa = PBXFileReference; lastKnownFileType = text.plist.xml; path = Info.plist; sourceTree = "<group>"; };
		9B2DE6772B63F6FC00E0AAC1 /* FunctionalPrograming.swift */ = {isa = PBXFileReference; fileEncoding = 4; lastKnownFileType = sourcecode.swift; name = FunctionalPrograming.swift; path = ../../../FuctionalPrograming/FuctionalPrograming/FunctionalPrograming.swift; sourceTree = "<group>"; };
		9B2DE6792B643AC900E0AAC1 /* TMDBModels.swift */ = {isa = PBXFileReference; lastKnownFileType = sourcecode.swift; path = TMDBModels.swift; sourceTree = "<group>"; };
		9B3BF9252B681F13001631ED /* MovieRealm.swift */ = {isa = PBXFileReference; lastKnownFileType = sourcecode.swift; path = MovieRealm.swift; sourceTree = "<group>"; };
		9B3BF9282B682389001631ED /* FavoriteViewController.swift */ = {isa = PBXFileReference; lastKnownFileType = sourcecode.swift; path = FavoriteViewController.swift; sourceTree = "<group>"; };
/* End PBXFileReference section */

/* Begin PBXFrameworksBuildPhase section */
		9B2DE65C2B63F57200E0AAC1 /* Frameworks */ = {
			isa = PBXFrameworksBuildPhase;
			buildActionMask = 2147483647;
			files = (
				9B2DE6822B643F5300E0AAC1 /* RealmSwift in Frameworks */,
				9B2DE6802B643F5300E0AAC1 /* Realm in Frameworks */,
				9B2DE67D2B643B7F00E0AAC1 /* Alamofire in Frameworks */,
			);
			runOnlyForDeploymentPostprocessing = 0;
		};
/* End PBXFrameworksBuildPhase section */

/* Begin PBXGroup section */
		9B2DE6562B63F57200E0AAC1 = {
			isa = PBXGroup;
			children = (
				9B2DE6612B63F57200E0AAC1 /* TMDB-data */,
				9B2DE6602B63F57200E0AAC1 /* Products */,
			);
			sourceTree = "<group>";
		};
		9B2DE6602B63F57200E0AAC1 /* Products */ = {
			isa = PBXGroup;
			children = (
				9B2DE65F2B63F57200E0AAC1 /* TMDB-data.app */,
			);
			name = Products;
			sourceTree = "<group>";
		};
		9B2DE6612B63F57200E0AAC1 /* TMDB-data */ = {
			isa = PBXGroup;
			children = (
				9B3BF9272B681F19001631ED /* Models */,
				9B2DE6762B63F6A900E0AAC1 /* FunctionalProgramming */,
				9B2DE6622B63F57200E0AAC1 /* AppDelegate.swift */,
				9B2DE6642B63F57200E0AAC1 /* SceneDelegate.swift */,
				9B2DE6662B63F57200E0AAC1 /* ViewController.swift */,
				9B2DE6682B63F57200E0AAC1 /* Main.storyboard */,
				9B2DE66B2B63F57400E0AAC1 /* Assets.xcassets */,
				9B2DE66D2B63F57400E0AAC1 /* LaunchScreen.storyboard */,
				9B2DE6702B63F57400E0AAC1 /* Info.plist */,
				9B0CD34D2B6445880073E366 /* UserDefaultsViewController.swift */,
				9B3BF9282B682389001631ED /* FavoriteViewController.swift */,
			);
			path = "TMDB-data";
			sourceTree = "<group>";
		};
		9B2DE6762B63F6A900E0AAC1 /* FunctionalProgramming */ = {
			isa = PBXGroup;
			children = (
				9B2DE6772B63F6FC00E0AAC1 /* FunctionalPrograming.swift */,
			);
			path = FunctionalProgramming;
			sourceTree = "<group>";
		};
		9B3BF9272B681F19001631ED /* Models */ = {
			isa = PBXGroup;
			children = (
				9B2DE6792B643AC900E0AAC1 /* TMDBModels.swift */,
				9B3BF9252B681F13001631ED /* MovieRealm.swift */,
			);
			path = Models;
			sourceTree = "<group>";
		};
/* End PBXGroup section */

/* Begin PBXNativeTarget section */
		9B2DE65E2B63F57200E0AAC1 /* TMDB-data */ = {
			isa = PBXNativeTarget;
			buildConfigurationList = 9B2DE6732B63F57400E0AAC1 /* Build configuration list for PBXNativeTarget "TMDB-data" */;
			buildPhases = (
				9B2DE65B2B63F57200E0AAC1 /* Sources */,
				9B2DE65C2B63F57200E0AAC1 /* Frameworks */,
				9B2DE65D2B63F57200E0AAC1 /* Resources */,
			);
			buildRules = (
			);
			dependencies = (
			);
			name = "TMDB-data";
			packageProductDependencies = (
				9B2DE67C2B643B7F00E0AAC1 /* Alamofire */,
				9B2DE67F2B643F5300E0AAC1 /* Realm */,
				9B2DE6812B643F5300E0AAC1 /* RealmSwift */,
			);
			productName = "TMDB-data";
			productReference = 9B2DE65F2B63F57200E0AAC1 /* TMDB-data.app */;
			productType = "com.apple.product-type.application";
		};
/* End PBXNativeTarget section */

/* Begin PBXProject section */
		9B2DE6572B63F57200E0AAC1 /* Project object */ = {
			isa = PBXProject;
			attributes = {
				BuildIndependentTargetsInParallel = 1;
				LastSwiftUpdateCheck = 1500;
				LastUpgradeCheck = 1500;
				TargetAttributes = {
					9B2DE65E2B63F57200E0AAC1 = {
						CreatedOnToolsVersion = 15.0;
					};
				};
			};
			buildConfigurationList = 9B2DE65A2B63F57200E0AAC1 /* Build configuration list for PBXProject "TMDB-data" */;
			compatibilityVersion = "Xcode 14.0";
			developmentRegion = en;
			hasScannedForEncodings = 0;
			knownRegions = (
				en,
				Base,
			);
			mainGroup = 9B2DE6562B63F57200E0AAC1;
			packageReferences = (
				9B2DE67B2B643B7F00E0AAC1 /* XCRemoteSwiftPackageReference "Alamofire" */,
				9B2DE67E2B643F5300E0AAC1 /* XCRemoteSwiftPackageReference "realm-swift" */,
			);
			productRefGroup = 9B2DE6602B63F57200E0AAC1 /* Products */;
			projectDirPath = "";
			projectRoot = "";
			targets = (
				9B2DE65E2B63F57200E0AAC1 /* TMDB-data */,
			);
		};
/* End PBXProject section */

/* Begin PBXResourcesBuildPhase section */
		9B2DE65D2B63F57200E0AAC1 /* Resources */ = {
			isa = PBXResourcesBuildPhase;
			buildActionMask = 2147483647;
			files = (
				9B2DE66F2B63F57400E0AAC1 /* LaunchScreen.storyboard in Resources */,
				9B2DE66C2B63F57400E0AAC1 /* Assets.xcassets in Resources */,
				9B2DE66A2B63F57200E0AAC1 /* Main.storyboard in Resources */,
			);
			runOnlyForDeploymentPostprocessing = 0;
		};
/* End PBXResourcesBuildPhase section */

/* Begin PBXSourcesBuildPhase section */
		9B2DE65B2B63F57200E0AAC1 /* Sources */ = {
			isa = PBXSourcesBuildPhase;
			buildActionMask = 2147483647;
			files = (
				9B0CD34E2B6445880073E366 /* UserDefaultsViewController.swift in Sources */,
				9B2DE6672B63F57200E0AAC1 /* ViewController.swift in Sources */,
				9B3BF9262B681F13001631ED /* MovieRealm.swift in Sources */,
				9B2DE6632B63F57200E0AAC1 /* AppDelegate.swift in Sources */,
				9B2DE6782B63F6FC00E0AAC1 /* FunctionalPrograming.swift in Sources */,
				9B2DE67A2B643AC900E0AAC1 /* TMDBModels.swift in Sources */,
				9B3BF9292B682389001631ED /* FavoriteViewController.swift in Sources */,
				9B2DE6652B63F57200E0AAC1 /* SceneDelegate.swift in Sources */,
			);
			runOnlyForDeploymentPostprocessing = 0;
		};
/* End PBXSourcesBuildPhase section */

/* Begin PBXVariantGroup section */
		9B2DE6682B63F57200E0AAC1 /* Main.storyboard */ = {
			isa = PBXVariantGroup;
			children = (
				9B2DE6692B63F57200E0AAC1 /* Base */,
			);
			name = Main.storyboard;
			sourceTree = "<group>";
		};
		9B2DE66D2B63F57400E0AAC1 /* LaunchScreen.storyboard */ = {
			isa = PBXVariantGroup;
			children = (
				9B2DE66E2B63F57400E0AAC1 /* Base */,
			);
			name = LaunchScreen.storyboard;
			sourceTree = "<group>";
		};
/* End PBXVariantGroup section */

/* Begin XCBuildConfiguration section */
		9B2DE6712B63F57400E0AAC1 /* Debug */ = {
			isa = XCBuildConfiguration;
			buildSettings = {
				ALWAYS_SEARCH_USER_PATHS = NO;
				ASSETCATALOG_COMPILER_GENERATE_SWIFT_ASSET_SYMBOL_EXTENSIONS = YES;
				CLANG_ANALYZER_NONNULL = YES;
				CLANG_ANALYZER_NUMBER_OBJECT_CONVERSION = YES_AGGRESSIVE;
				CLANG_CXX_LANGUAGE_STANDARD = "gnu++20";
				CLANG_ENABLE_MODULES = YES;
				CLANG_ENABLE_OBJC_ARC = YES;
				CLANG_ENABLE_OBJC_WEAK = YES;
				CLANG_WARN_BLOCK_CAPTURE_AUTORELEASING = YES;
				CLANG_WARN_BOOL_CONVERSION = YES;
				CLANG_WARN_COMMA = YES;
				CLANG_WARN_CONSTANT_CONVERSION = YES;
				CLANG_WARN_DEPRECATED_OBJC_IMPLEMENTATIONS = YES;
				CLANG_WARN_DIRECT_OBJC_ISA_USAGE = YES_ERROR;
				CLANG_WARN_DOCUMENTATION_COMMENTS = YES;
				CLANG_WARN_EMPTY_BODY = YES;
				CLANG_WARN_ENUM_CONVERSION = YES;
				CLANG_WARN_INFINITE_RECURSION = YES;
				CLANG_WARN_INT_CONVERSION = YES;
				CLANG_WARN_NON_LITERAL_NULL_CONVERSION = YES;
				CLANG_WARN_OBJC_IMPLICIT_RETAIN_SELF = YES;
				CLANG_WARN_OBJC_LITERAL_CONVERSION = YES;
				CLANG_WARN_OBJC_ROOT_CLASS = YES_ERROR;
				CLANG_WARN_QUOTED_INCLUDE_IN_FRAMEWORK_HEADER = YES;
				CLANG_WARN_RANGE_LOOP_ANALYSIS = YES;
				CLANG_WARN_STRICT_PROTOTYPES = YES;
				CLANG_WARN_SUSPICIOUS_MOVE = YES;
				CLANG_WARN_UNGUARDED_AVAILABILITY = YES_AGGRESSIVE;
				CLANG_WARN_UNREACHABLE_CODE = YES;
				CLANG_WARN__DUPLICATE_METHOD_MATCH = YES;
				COPY_PHASE_STRIP = NO;
				DEBUG_INFORMATION_FORMAT = dwarf;
				ENABLE_STRICT_OBJC_MSGSEND = YES;
				ENABLE_TESTABILITY = YES;
				ENABLE_USER_SCRIPT_SANDBOXING = YES;
				GCC_C_LANGUAGE_STANDARD = gnu17;
				GCC_DYNAMIC_NO_PIC = NO;
				GCC_NO_COMMON_BLOCKS = YES;
				GCC_OPTIMIZATION_LEVEL = 0;
				GCC_PREPROCESSOR_DEFINITIONS = (
					"DEBUG=1",
					"$(inherited)",
				);
				GCC_WARN_64_TO_32_BIT_CONVERSION = YES;
				GCC_WARN_ABOUT_RETURN_TYPE = YES_ERROR;
				GCC_WARN_UNDECLARED_SELECTOR = YES;
				GCC_WARN_UNINITIALIZED_AUTOS = YES_AGGRESSIVE;
				GCC_WARN_UNUSED_FUNCTION = YES;
				GCC_WARN_UNUSED_VARIABLE = YES;
				IPHONEOS_DEPLOYMENT_TARGET = 17.0;
				LOCALIZATION_PREFERS_STRING_CATALOGS = YES;
				MTL_ENABLE_DEBUG_INFO = INCLUDE_SOURCE;
				MTL_FAST_MATH = YES;
				ONLY_ACTIVE_ARCH = YES;
				SDKROOT = iphoneos;
				SWIFT_ACTIVE_COMPILATION_CONDITIONS = "DEBUG $(inherited)";
				SWIFT_OPTIMIZATION_LEVEL = "-Onone";
			};
			name = Debug;
		};
		9B2DE6722B63F57400E0AAC1 /* Release */ = {
			isa = XCBuildConfiguration;
			buildSettings = {
				ALWAYS_SEARCH_USER_PATHS = NO;
				ASSETCATALOG_COMPILER_GENERATE_SWIFT_ASSET_SYMBOL_EXTENSIONS = YES;
				CLANG_ANALYZER_NONNULL = YES;
				CLANG_ANALYZER_NUMBER_OBJECT_CONVERSION = YES_AGGRESSIVE;
				CLANG_CXX_LANGUAGE_STANDARD = "gnu++20";
				CLANG_ENABLE_MODULES = YES;
				CLANG_ENABLE_OBJC_ARC = YES;
				CLANG_ENABLE_OBJC_WEAK = YES;
				CLANG_WARN_BLOCK_CAPTURE_AUTORELEASING = YES;
				CLANG_WARN_BOOL_CONVERSION = YES;
				CLANG_WARN_COMMA = YES;
				CLANG_WARN_CONSTANT_CONVERSION = YES;
				CLANG_WARN_DEPRECATED_OBJC_IMPLEMENTATIONS = YES;
				CLANG_WARN_DIRECT_OBJC_ISA_USAGE = YES_ERROR;
				CLANG_WARN_DOCUMENTATION_COMMENTS = YES;
				CLANG_WARN_EMPTY_BODY = YES;
				CLANG_WARN_ENUM_CONVERSION = YES;
				CLANG_WARN_INFINITE_RECURSION = YES;
				CLANG_WARN_INT_CONVERSION = YES;
				CLANG_WARN_NON_LITERAL_NULL_CONVERSION = YES;
				CLANG_WARN_OBJC_IMPLICIT_RETAIN_SELF = YES;
				CLANG_WARN_OBJC_LITERAL_CONVERSION = YES;
				CLANG_WARN_OBJC_ROOT_CLASS = YES_ERROR;
				CLANG_WARN_QUOTED_INCLUDE_IN_FRAMEWORK_HEADER = YES;
				CLANG_WARN_RANGE_LOOP_ANALYSIS = YES;
				CLANG_WARN_STRICT_PROTOTYPES = YES;
				CLANG_WARN_SUSPICIOUS_MOVE = YES;
				CLANG_WARN_UNGUARDED_AVAILABILITY = YES_AGGRESSIVE;
				CLANG_WARN_UNREACHABLE_CODE = YES;
				CLANG_WARN__DUPLICATE_METHOD_MATCH = YES;
				COPY_PHASE_STRIP = NO;
				DEBUG_INFORMATION_FORMAT = "dwarf-with-dsym";
				ENABLE_NS_ASSERTIONS = NO;
				ENABLE_STRICT_OBJC_MSGSEND = YES;
				ENABLE_USER_SCRIPT_SANDBOXING = YES;
				GCC_C_LANGUAGE_STANDARD = gnu17;
				GCC_NO_COMMON_BLOCKS = YES;
				GCC_WARN_64_TO_32_BIT_CONVERSION = YES;
				GCC_WARN_ABOUT_RETURN_TYPE = YES_ERROR;
				GCC_WARN_UNDECLARED_SELECTOR = YES;
				GCC_WARN_UNINITIALIZED_AUTOS = YES_AGGRESSIVE;
				GCC_WARN_UNUSED_FUNCTION = YES;
				GCC_WARN_UNUSED_VARIABLE = YES;
				IPHONEOS_DEPLOYMENT_TARGET = 17.0;
				LOCALIZATION_PREFERS_STRING_CATALOGS = YES;
				MTL_ENABLE_DEBUG_INFO = NO;
				MTL_FAST_MATH = YES;
				SDKROOT = iphoneos;
				SWIFT_COMPILATION_MODE = wholemodule;
				VALIDATE_PRODUCT = YES;
			};
			name = Release;
		};
		9B2DE6742B63F57400E0AAC1 /* Debug */ = {
			isa = XCBuildConfiguration;
			buildSettings = {
				ASSETCATALOG_COMPILER_APPICON_NAME = AppIcon;
				ASSETCATALOG_COMPILER_GLOBAL_ACCENT_COLOR_NAME = AccentColor;
				CODE_SIGN_STYLE = Automatic;
				CURRENT_PROJECT_VERSION = 1;
				DEVELOPMENT_TEAM = 255G24QWZ2;
				GENERATE_INFOPLIST_FILE = YES;
				INFOPLIST_FILE = "TMDB-data/Info.plist";
				INFOPLIST_KEY_UIApplicationSupportsIndirectInputEvents = YES;
				INFOPLIST_KEY_UILaunchStoryboardName = LaunchScreen;
				INFOPLIST_KEY_UIMainStoryboardFile = Main;
				INFOPLIST_KEY_UISupportedInterfaceOrientations_iPad = "UIInterfaceOrientationPortrait UIInterfaceOrientationPortraitUpsideDown UIInterfaceOrientationLandscapeLeft UIInterfaceOrientationLandscapeRight";
				INFOPLIST_KEY_UISupportedInterfaceOrientations_iPhone = "UIInterfaceOrientationPortrait UIInterfaceOrientationLandscapeLeft UIInterfaceOrientationLandscapeRight";
				LD_RUNPATH_SEARCH_PATHS = (
					"$(inherited)",
					"@executable_path/Frameworks",
				);
				MARKETING_VERSION = 1.0;
				PRODUCT_BUNDLE_IDENTIFIER = "ruslanlyulka.TMDB-data";
				PRODUCT_NAME = "$(TARGET_NAME)";
				SWIFT_EMIT_LOC_STRINGS = YES;
				SWIFT_VERSION = 5.0;
				TARGETED_DEVICE_FAMILY = "1,2";
			};
			name = Debug;
		};
		9B2DE6752B63F57400E0AAC1 /* Release */ = {
			isa = XCBuildConfiguration;
			buildSettings = {
				ASSETCATALOG_COMPILER_APPICON_NAME = AppIcon;
				ASSETCATALOG_COMPILER_GLOBAL_ACCENT_COLOR_NAME = AccentColor;
				CODE_SIGN_STYLE = Automatic;
				CURRENT_PROJECT_VERSION = 1;
				DEVELOPMENT_TEAM = 255G24QWZ2;
				GENERATE_INFOPLIST_FILE = YES;
				INFOPLIST_FILE = "TMDB-data/Info.plist";
				INFOPLIST_KEY_UIApplicationSupportsIndirectInputEvents = YES;
				INFOPLIST_KEY_UILaunchStoryboardName = LaunchScreen;
				INFOPLIST_KEY_UIMainStoryboardFile = Main;
				INFOPLIST_KEY_UISupportedInterfaceOrientations_iPad = "UIInterfaceOrientationPortrait UIInterfaceOrientationPortraitUpsideDown UIInterfaceOrientationLandscapeLeft UIInterfaceOrientationLandscapeRight";
				INFOPLIST_KEY_UISupportedInterfaceOrientations_iPhone = "UIInterfaceOrientationPortrait UIInterfaceOrientationLandscapeLeft UIInterfaceOrientationLandscapeRight";
				LD_RUNPATH_SEARCH_PATHS = (
					"$(inherited)",
					"@executable_path/Frameworks",
				);
				MARKETING_VERSION = 1.0;
				PRODUCT_BUNDLE_IDENTIFIER = "ruslanlyulka.TMDB-data";
				PRODUCT_NAME = "$(TARGET_NAME)";
				SWIFT_EMIT_LOC_STRINGS = YES;
				SWIFT_VERSION = 5.0;
				TARGETED_DEVICE_FAMILY = "1,2";
			};
			name = Release;
		};
/* End XCBuildConfiguration section */

/* Begin XCConfigurationList section */
		9B2DE65A2B63F57200E0AAC1 /* Build configuration list for PBXProject "TMDB-data" */ = {
			isa = XCConfigurationList;
			buildConfigurations = (
				9B2DE6712B63F57400E0AAC1 /* Debug */,
				9B2DE6722B63F57400E0AAC1 /* Release */,
			);
			defaultConfigurationIsVisible = 0;
			defaultConfigurationName = Release;
		};
		9B2DE6732B63F57400E0AAC1 /* Build configuration list for PBXNativeTarget "TMDB-data" */ = {
			isa = XCConfigurationList;
			buildConfigurations = (
				9B2DE6742B63F57400E0AAC1 /* Debug */,
				9B2DE6752B63F57400E0AAC1 /* Release */,
			);
			defaultConfigurationIsVisible = 0;
			defaultConfigurationName = Release;
		};
/* End XCConfigurationList section */

/* Begin XCRemoteSwiftPackageReference section */
		9B2DE67B2B643B7F00E0AAC1 /* XCRemoteSwiftPackageReference "Alamofire" */ = {
			isa = XCRemoteSwiftPackageReference;
			repositoryURL = "https://github.com/Alamofire/Alamofire.git";
			requirement = {
				kind = upToNextMajorVersion;
				minimumVersion = 5.8.1;
			};
		};
		9B2DE67E2B643F5300E0AAC1 /* XCRemoteSwiftPackageReference "realm-swift" */ = {
			isa = XCRemoteSwiftPackageReference;
			repositoryURL = "https://github.com/realm/realm-swift.git";
			requirement = {
				branch = master;
				kind = branch;
			};
		};
/* End XCRemoteSwiftPackageReference section */

/* Begin XCSwiftPackageProductDependency section */
		9B2DE67C2B643B7F00E0AAC1 /* Alamofire */ = {
			isa = XCSwiftPackageProductDependency;
			package = 9B2DE67B2B643B7F00E0AAC1 /* XCRemoteSwiftPackageReference "Alamofire" */;
			productName = Alamofire;
		};
		9B2DE67F2B643F5300E0AAC1 /* Realm */ = {
			isa = XCSwiftPackageProductDependency;
			package = 9B2DE67E2B643F5300E0AAC1 /* XCRemoteSwiftPackageReference "realm-swift" */;
			productName = Realm;
		};
		9B2DE6812B643F5300E0AAC1 /* RealmSwift */ = {
			isa = XCSwiftPackageProductDependency;
			package = 9B2DE67E2B643F5300E0AAC1 /* XCRemoteSwiftPackageReference "realm-swift" */;
			productName = RealmSwift;
		};
/* End XCSwiftPackageProductDependency section */
	};
	rootObject = 9B2DE6572B63F57200E0AAC1 /* Project object */;
}
